{
  "name": "final-project",
  "version": "1.0.0",
  "lockfileVersion": 1,
  "requires": true,
  "dependencies": {
    "hellojs": {
      "version": "1.19.4",
      "resolved": "https://registry.npmjs.org/hellojs/-/hellojs-1.19.4.tgz",
      "integrity": "sha512-amkuFeKtNYQon7EySg54EeIPl34EqyXUSu4zn+H6/iKq+wD4j3WW6GSWBcqoErxAoHG3kX5+TcEqOb+kjbzxbQ=="
    }
  }
}
